
Microsoft Visual Studio Solution File, Format Version 12.00
# Visual Studio Version 17
VisualStudioVersion = 17.13.35919.96
MinimumVisualStudioVersion = 10.0.40219.1
Project("{2150E333-8FDC-42A3-9474-1A3956D46DE8}") = "Docs", "Docs", "{02EA681E-C7D8-13C7-8484-4AC65E1B71E8}"
	ProjectSection(SolutionItems) = preProject
		UsesCases.md = UsesCases.md
	EndProjectSection
EndProject
Project("{FAE04EC0-301F-11D3-BF4B-00C04F79EFBC}") = "Neckington.API", "Neckington.API\Neckington.API.csproj", "{9CA1BD72-F457-BDD5-3B14-6F2D10CE1E93}"
EndProject
Project("{FAE04EC0-301F-11D3-BF4B-00C04F79EFBC}") = "Neckington.Application", "Neckington.Application\Neckington.Application.csproj", "{AE4C188F-9200-8D88-1041-0018DAD75EA4}"
EndProject
Project("{FAE04EC0-301F-11D3-BF4B-00C04F79EFBC}") = "Neckington.Domain", "Neckington.Domain\Neckington.Domain.csproj", "{8E7C6CA2-4C36-19AF-79E1-C95ADC3ABF08}"
EndProject
Project("{FAE04EC0-301F-11D3-BF4B-00C04F79EFBC}") = "Neckington.Infrastructure", "Neckington.Infrastructure\Neckington.Infrastructure.csproj", "{97BA199D-5BCA-FE22-9D54-107DD6F4E9AC}"
EndProject
Global
	GlobalSection(SolutionConfigurationPlatforms) = preSolution
		Debug|Any CPU = Debug|Any CPU
		Release|Any CPU = Release|Any CPU
	EndGlobalSection
	GlobalSection(ProjectConfigurationPlatforms) = postSolution
		{9CA1BD72-F457-BDD5-3B14-6F2D10CE1E93}.Debug|Any CPU.ActiveCfg = Debug|Any CPU
		{9CA1BD72-F457-BDD5-3B14-6F2D10CE1E93}.Debug|Any CPU.Build.0 = Debug|Any CPU
		{9CA1BD72-F457-BDD5-3B14-6F2D10CE1E93}.Release|Any CPU.ActiveCfg = Release|Any CPU
		{9CA1BD72-F457-BDD5-3B14-6F2D10CE1E93}.Release|Any CPU.Build.0 = Release|Any CPU
		{AE4C188F-9200-8D88-1041-0018DAD75EA4}.Debug|Any CPU.ActiveCfg = Debug|Any CPU
		{AE4C188F-9200-8D88-1041-0018DAD75EA4}.Debug|Any CPU.Build.0 = Debug|Any CPU
		{AE4C188F-9200-8D88-1041-0018DAD75EA4}.Release|Any CPU.ActiveCfg = Release|Any CPU
		{AE4C188F-9200-8D88-1041-0018DAD75EA4}.Release|Any CPU.Build.0 = Release|Any CPU
		{8E7C6CA2-4C36-19AF-79E1-C95ADC3ABF08}.Debug|Any CPU.ActiveCfg = Debug|Any CPU
		{8E7C6CA2-4C36-19AF-79E1-C95ADC3ABF08}.Debug|Any CPU.Build.0 = Debug|Any CPU
		{8E7C6CA2-4C36-19AF-79E1-C95ADC3ABF08}.Release|Any CPU.ActiveCfg = Release|Any CPU
		{8E7C6CA2-4C36-19AF-79E1-C95ADC3ABF08}.Release|Any CPU.Build.0 = Release|Any CPU
		{97BA199D-5BCA-FE22-9D54-107DD6F4E9AC}.Debug|Any CPU.ActiveCfg = Debug|Any CPU
		{97BA199D-5BCA-FE22-9D54-107DD6F4E9AC}.Debug|Any CPU.Build.0 = Debug|Any CPU
		{97BA199D-5BCA-FE22-9D54-107DD6F4E9AC}.Release|Any CPU.ActiveCfg = Release|Any CPU
		{97BA199D-5BCA-FE22-9D54-107DD6F4E9AC}.Release|Any CPU.Build.0 = Release|Any CPU
	EndGlobalSection
	GlobalSection(SolutionProperties) = preSolution
		HideSolutionNode = FALSE
	EndGlobalSection
	GlobalSection(ExtensibilityGlobals) = postSolution
		SolutionGuid = {5A56CC3B-2F4B-4F85-801C-C43852F90AD0}
	EndGlobalSection
EndGlobal
